# This file is generated by running "yarn install" inside your project.
# Manual changes might be lost - proceed with caution!

__metadata:
  version: 6
  cacheKey: 8

"@sequelize/core@npm:^7.0.0-alpha.10":
  version: 7.0.0-alpha.19
  resolution: "@sequelize/core@npm:7.0.0-alpha.19"
  dependencies:
    "@types/debug": ^4.1.7
    "@types/inflection": ^1.13.0
    "@types/validator": ^13.7.5
    dayjs: ^1.11.5
    debug: ^4.3.4
    dottie: ^2.0.2
    inflection: ^1.13.2
    lodash: ^4.17.21
    pg-connection-string: ^2.5.0
    retry-as-promised: ^6.0.0
    semver: ^7.3.7
    sequelize-pool: ^8.0.0
    toposort-class: ^1.0.1
    type-fest: ^2.18.1
    uuid: ^9.0.0
    validator: ^13.7.0
    wkx: ^0.5.0
  peerDependenciesMeta:
    ibm_db:
      optional: true
    mariadb:
      optional: true
    mysql2:
      optional: true
    odbc:
      optional: true
    pg:
      optional: true
    pg-hstore:
      optional: true
    snowflake-sdk:
      optional: true
    sqlite3:
      optional: true
    tedious:
      optional: true
  checksum: dfeabf4e5fdfd62fc11be358ddffbac6422146008532fb422c3162834b3c7bfd879c1160048e544ebf7a48fb1431afaa71f809680f6b93d299092b3ef52a79dc
  languageName: node
  linkType: hard

"@types/debug@npm:^4.1.7":
  version: 4.1.7
  resolution: "@types/debug@npm:4.1.7"
  dependencies:
    "@types/ms": "*"
  checksum: 0a7b89d8ed72526858f0b61c6fd81f477853e8c4415bb97f48b1b5545248d2ae389931680b94b393b993a7cfe893537a200647d93defe6d87159b96812305adc
  languageName: node
  linkType: hard

"@types/inflection@npm:^1.13.0":
  version: 1.13.0
  resolution: "@types/inflection@npm:1.13.0"
  checksum: 0c7cb5b31d0b9418db5c391af07c1d9bfc56daa3a7d6b7c4697e5ea59f24933e19fbcbd8eb921053c0d8db9146b26e166e8f21feed1d5ae020cc3308c10587e2
  languageName: node
  linkType: hard

"@types/ms@npm:*":
  version: 0.7.31
  resolution: "@types/ms@npm:0.7.31"
  checksum: daadd354aedde024cce6f5aa873fefe7b71b22cd0e28632a69e8b677aeb48ae8caa1c60e5919bb781df040d116b01cb4316335167a3fc0ef6a63fa3614c0f6da
  languageName: node
  linkType: hard

"@types/node@npm:*, @types/node@npm:^18.11.9":
  version: 18.11.9
  resolution: "@types/node@npm:18.11.9"
  checksum: cc0aae109e9b7adefc32eecb838d6fad931663bb06484b5e9cbbbf74865c721b03d16fd8d74ad90e31dbe093d956a7c2c306ba5429ba0c00f3f7505103d7a496
  languageName: node
  linkType: hard

"@types/validator@npm:^13.7.1, @types/validator@npm:^13.7.5":
  version: 13.7.10
  resolution: "@types/validator@npm:13.7.10"
  checksum: 7b142c08019f484d62c9f3074231f640c24311558f157dd253a60810dd0cb29e41ec64ca210a192b54f6de51f4fe016bfeb2c30f90fa49c9337ed54a9d8e02aa
  languageName: node
  linkType: hard

"dayjs@npm:^1.11.5":
  version: 1.11.6
  resolution: "dayjs@npm:1.11.6"
  checksum: 18bdfd927009b68eab08dca578e421d4a581cefcbe9337f54c5d9e0d941ffb6b221c4b2c1cab15cdd9d419940e768ac4c984531461a90bbe1c158b75fe160580
  languageName: node
  linkType: hard

"debug@npm:^4.3.3, debug@npm:^4.3.4":
  version: 4.3.4
  resolution: "debug@npm:4.3.4"
  dependencies:
    ms: 2.1.2
  peerDependenciesMeta:
    supports-color:
      optional: true
  checksum: 3dbad3f94ea64f34431a9cbf0bafb61853eda57bff2880036153438f50fb5a84f27683ba0d8e5426bf41a8c6ff03879488120cf5b3a761e77953169c0600a708
  languageName: node
  linkType: hard

"denque@npm:^2.0.1":
  version: 2.1.0
  resolution: "denque@npm:2.1.0"
  checksum: 1d4ae1d05e59ac3a3481e7b478293f4b4c813819342273f3d5b826c7ffa9753c520919ba264f377e09108d24ec6cf0ec0ac729a5686cbb8f32d797126c5dae74
  languageName: node
  linkType: hard

"dottie@npm:^2.0.2":
  version: 2.0.2
  resolution: "dottie@npm:2.0.2"
  checksum: 046a5818033725a5a12b60270473cd9a19b0e88bd007a0c9a66be36983e53626de949aee9d0290fbfe0275aa31837491adbbbb8bf74ef09f78d21598793d6268
  languageName: node
  linkType: hard

"generate-function@npm:^2.3.1":
  version: 2.3.1
  resolution: "generate-function@npm:2.3.1"
  dependencies:
    is-property: ^1.0.2
  checksum: 652f083de206ead2bae4caf9c7eeb465e8d98c0b8ed2a29c6afc538cef0785b5c6eea10548f1e13cc586d3afd796c13c830c2cb3dc612ec2457b2aadda5f57c9
  languageName: node
  linkType: hard

"iconv-lite@npm:^0.6.3":
  version: 0.6.3
  resolution: "iconv-lite@npm:0.6.3"
  dependencies:
    safer-buffer: ">= 2.1.2 < 3.0.0"
  checksum: 3f60d47a5c8fc3313317edfd29a00a692cc87a19cac0159e2ce711d0ebc9019064108323b5e493625e25594f11c6236647d8e256fbe7a58f4a3b33b89e6d30bf
  languageName: node
  linkType: hard

"inflection@npm:^1.13.2":
  version: 1.13.4
  resolution: "inflection@npm:1.13.4"
  checksum: 6744feede9998ad8abd2b1db4af79f494a166e656a0aa949d90c8f4a945c1d07038a3756bf7af78c8f6fce368ba213a7ebf35da3edeffd39f1da0ff465eed6eb
  languageName: node
  linkType: hard

"is-property@npm:^1.0.2":
  version: 1.0.2
  resolution: "is-property@npm:1.0.2"
  checksum: 33b661a3690bcc88f7e47bb0a21b9e3187e76a317541ea7ec5e8096d954f441b77a46d8930c785f7fbf4ef8dfd624c25495221e026e50f74c9048fe501773be5
  languageName: node
  linkType: hard

"lodash@npm:^4.17.21":
  version: 4.17.21
  resolution: "lodash@npm:4.17.21"
  checksum: eb835a2e51d381e561e508ce932ea50a8e5a68f4ebdd771ea240d3048244a8d13658acbd502cd4829768c56f2e16bdd4340b9ea141297d472517b83868e677f7
  languageName: node
  linkType: hard

"long@npm:^4.0.0":
  version: 4.0.0
  resolution: "long@npm:4.0.0"
  checksum: 16afbe8f749c7c849db1f4de4e2e6a31ac6e617cead3bdc4f9605cb703cd20e1e9fc1a7baba674ffcca57d660a6e5b53a9e236d7b25a295d3855cca79cc06744
  languageName: node
  linkType: hard

"lru-cache@npm:^4.1.3":
  version: 4.1.5
  resolution: "lru-cache@npm:4.1.5"
  dependencies:
    pseudomap: ^1.0.2
    yallist: ^2.1.2
  checksum: 4bb4b58a36cd7dc4dcec74cbe6a8f766a38b7426f1ff59d4cf7d82a2aa9b9565cd1cb98f6ff60ce5cd174524868d7bc9b7b1c294371851356066ca9ac4cf135a
  languageName: node
  linkType: hard

"lru-cache@npm:^6.0.0":
  version: 6.0.0
  resolution: "lru-cache@npm:6.0.0"
  dependencies:
    yallist: ^4.0.0
  checksum: f97f499f898f23e4585742138a22f22526254fdba6d75d41a1c2526b3b6cc5747ef59c5612ba7375f42aca4f8461950e925ba08c991ead0651b4918b7c978297
  languageName: node
  linkType: hard

"moment-timezone@npm:^0.5.34":
  version: 0.5.39
  resolution: "moment-timezone@npm:0.5.39"
  dependencies:
    moment: ">= 2.9.0"
  checksum: 9f972d3a29b2726d4fd1464df27738b756441fe57575f087cda91b7716a5a31d2cfd274255e3edfb15eb60af3ccf33fd339527b456092cac1a2a4124e4369c8b
  languageName: node
  linkType: hard

"moment@npm:>= 2.9.0, moment@npm:^2.29.1":
  version: 2.29.4
  resolution: "moment@npm:2.29.4"
  checksum: 0ec3f9c2bcba38dc2451b1daed5daded747f17610b92427bebe1d08d48d8b7bdd8d9197500b072d14e326dd0ccf3e326b9e3d07c5895d3d49e39b6803b76e80e
  languageName: node
  linkType: hard

"ms@npm:2.1.2":
  version: 2.1.2
  resolution: "ms@npm:2.1.2"
  checksum: 673cdb2c3133eb050c745908d8ce632ed2c02d85640e2edb3ace856a2266a813b30c613569bf3354fdf4ea7d1a1494add3bfa95e2713baa27d0c2c71fc44f58f
  languageName: node
  linkType: hard

"mysql2@npm:^2.3.3":
  version: 2.3.3
  resolution: "mysql2@npm:2.3.3"
  dependencies:
    denque: ^2.0.1
    generate-function: ^2.3.1
    iconv-lite: ^0.6.3
    long: ^4.0.0
    lru-cache: ^6.0.0
    named-placeholders: ^1.1.2
    seq-queue: ^0.0.5
    sqlstring: ^2.3.2
  checksum: 45e479d0cbdb24ceb9d1846a1708ae2c33aa64f603f7899279b33560b1eec441f1b7a596075896f1305f701cfbc083bceb88bc72ba5d2f3656a3d6102611286a
  languageName: node
  linkType: hard

"named-placeholders@npm:^1.1.2":
  version: 1.1.2
  resolution: "named-placeholders@npm:1.1.2"
  dependencies:
    lru-cache: ^4.1.3
  checksum: c9317d1b479d6733b3baedfde209c6c866cf387c2d625837f93355fdb6a9055b1e8180b883fe00bcb20edb3ba4dd21128ec2f1ed8cb884385cef7698cbcadcc4
  languageName: node
  linkType: hard

"pg-connection-string@npm:^2.5.0":
  version: 2.5.0
  resolution: "pg-connection-string@npm:2.5.0"
  checksum: a6f3a068f7c9416a5b33a326811caf0dfaaee045c225b7c628b4c9b4e9a2b25bdd12a21e4c48940e1000ea223a4e608ca122d2ff3dd08c8b1db0fc9f5705133a
  languageName: node
  linkType: hard

"pseudomap@npm:^1.0.2":
  version: 1.0.2
  resolution: "pseudomap@npm:1.0.2"
  checksum: 856c0aae0ff2ad60881168334448e898ad7a0e45fe7386d114b150084254c01e200c957cf378378025df4e052c7890c5bd933939b0e0d2ecfcc1dc2f0b2991f5
  languageName: node
  linkType: hard

"retry-as-promised@npm:^6.0.0, retry-as-promised@npm:^6.1.0":
  version: 6.1.0
  resolution: "retry-as-promised@npm:6.1.0"
  checksum: cde3ad5c827d3f51b9161b9453dfd5eb8b8b6c22b6b405f7294eaa1939ef1966f8bd4c8a228ce2d66a24959d1dcc48b113c4c810ecdaddec2968b6d20576329d
  languageName: node
  linkType: hard

"safer-buffer@npm:>= 2.1.2 < 3.0.0":
  version: 2.1.2
  resolution: "safer-buffer@npm:2.1.2"
  checksum: cab8f25ae6f1434abee8d80023d7e72b598cf1327164ddab31003c51215526801e40b66c5e65d658a0af1e9d6478cadcb4c745f4bd6751f97d8644786c0978b0
  languageName: node
  linkType: hard

"semver@npm:^7.3.5, semver@npm:^7.3.7":
  version: 7.3.8
  resolution: "semver@npm:7.3.8"
  dependencies:
    lru-cache: ^6.0.0
  bin:
    semver: bin/semver.js
  checksum: ba9c7cbbf2b7884696523450a61fee1a09930d888b7a8d7579025ad93d459b2d1949ee5bbfeb188b2be5f4ac163544c5e98491ad6152df34154feebc2cc337c1
  languageName: node
  linkType: hard

"seq-queue@npm:^0.0.5":
  version: 0.0.5
  resolution: "seq-queue@npm:0.0.5"
  checksum: f8695a6cb613e1b378b9686cde4ea626944091a412fc1c9d24c5039283d4351dd115f4505e4cf103d3a2e4a9a6a72fc7698fdce703839fb1fec9627aa4ce5563
  languageName: node
  linkType: hard

"sequelize-pool@npm:^7.1.0":
  version: 7.1.0
  resolution: "sequelize-pool@npm:7.1.0"
  checksum: b11d06d02de9e8fc428ba3020b86f05fe7adad764e57f23c5901f924e31867901a5e7a090180337dc3b90de3934b64f34ae552fde37b0f3d37b09c0c8ecbddc7
  languageName: node
  linkType: hard

"sequelize-pool@npm:^8.0.0":
  version: 8.0.0
  resolution: "sequelize-pool@npm:8.0.0"
  checksum: 075139f7edeff103a42ed18e718d8f9c57ae7fda0184f3396e87fea4900ab35dba4026938098d4ca96aa52ae118293353a5f11affe09ddd03c0ac40849699498
  languageName: node
  linkType: hard

"sequelize@npm:^6.25.8":
  version: 6.25.8
  resolution: "sequelize@npm:6.25.8"
  dependencies:
    "@types/debug": ^4.1.7
    "@types/validator": ^13.7.1
    debug: ^4.3.3
    dottie: ^2.0.2
    inflection: ^1.13.2
    lodash: ^4.17.21
    moment: ^2.29.1
    moment-timezone: ^0.5.34
    pg-connection-string: ^2.5.0
    retry-as-promised: ^6.1.0
    semver: ^7.3.5
    sequelize-pool: ^7.1.0
    toposort-class: ^1.0.1
    uuid: ^8.3.2
    validator: ^13.7.0
    wkx: ^0.5.0
  peerDependenciesMeta:
    ibm_db:
      optional: true
    mariadb:
      optional: true
    mysql2:
      optional: true
    oracledb:
      optional: true
    pg:
      optional: true
    pg-hstore:
      optional: true
    snowflake-sdk:
      optional: true
    sqlite3:
      optional: true
    tedious:
      optional: true
  checksum: d76111e634b4f01cb56a658e89c8e88fc4413b7ed50013e660cbb7bc8864ffd579d3ee179f9fb3217f400b272f15ea465a45b97ca9274db1e2d5b3cf71b2c755
  languageName: node
  linkType: hard

"sqlstring@npm:^2.3.2":
  version: 2.3.3
  resolution: "sqlstring@npm:2.3.3"
  checksum: 1e7e2d51c38a0cf7372e875408ca100b6e0c9a941ab7773975ea41fb36e5528e404dc787689be855780cf6d0a829ff71027964ae3a05a7446e91dce26672fda7
  languageName: node
  linkType: hard

"toposort-class@npm:^1.0.1":
  version: 1.0.1
  resolution: "toposort-class@npm:1.0.1"
  checksum: c5e3229d4899b23350b09ed26cfb7a28aadd0889550625f1bcadc0da266cdf2790fb0ccc3e92be93ba6ad64f57bc2fd1ab94446cb4ae83054dab263753157f5f
  languageName: node
  linkType: hard

"try-type-orm@workspace:.":
  version: 0.0.0-use.local
  resolution: "try-type-orm@workspace:."
  dependencies:
    "@sequelize/core": ^7.0.0-alpha.10
    "@types/node": ^18.11.9
    mysql2: ^2.3.3
    sequelize: ^6.25.8
    tslib: ^2.4.1
    typescript: ^4.9.3
  languageName: unknown
  linkType: soft

"tslib@npm:^2.4.1":
  version: 2.4.1
  resolution: "tslib@npm:2.4.1"
  checksum: 19480d6e0313292bd6505d4efe096a6b31c70e21cf08b5febf4da62e95c265c8f571f7b36fcc3d1a17e068032f59c269fab3459d6cd3ed6949eafecf64315fca
  languageName: node
  linkType: hard

"type-fest@npm:^2.18.1":
  version: 2.19.0
  resolution: "type-fest@npm:2.19.0"
  checksum: a4ef07ece297c9fba78fc1bd6d85dff4472fe043ede98bd4710d2615d15776902b595abf62bd78339ed6278f021235fb28a96361f8be86ed754f778973a0d278
  languageName: node
  linkType: hard

"typescript@npm:^4.9.3":
  version: 4.9.3
  resolution: "typescript@npm:4.9.3"
  bin:
    tsc: bin/tsc
    tsserver: bin/tsserver
  checksum: 17b8f816050b412403e38d48eef0e893deb6be522d6dc7caf105e54a72e34daf6835c447735fd2b28b66784e72bfbf87f627abb4818a8e43d1fa8106396128dc
  languageName: node
  linkType: hard

"typescript@patch:typescript@^4.9.3#~builtin<compat/typescript>":
  version: 4.9.3
  resolution: "typescript@patch:typescript@npm%3A4.9.3#~builtin<compat/typescript>::version=4.9.3&hash=d73830"
  bin:
    tsc: bin/tsc
    tsserver: bin/tsserver
  checksum: 67ca21a387c0572f1c04936e638dde7782c5aa520c3754aadc7cc9b7c915da9ebc3e27c601bfff4ccb7d7264e82dce6d277ada82ec09dc75024349e0ef64926d
  languageName: node
  linkType: hard

"uuid@npm:^8.3.2":
  version: 8.3.2
  resolution: "uuid@npm:8.3.2"
  bin:
    uuid: dist/bin/uuid
  checksum: 5575a8a75c13120e2f10e6ddc801b2c7ed7d8f3c8ac22c7ed0c7b2ba6383ec0abda88c905085d630e251719e0777045ae3236f04c812184b7c765f63a70e58df
  languageName: node
  linkType: hard

"uuid@npm:^9.0.0":
  version: 9.0.0
  resolution: "uuid@npm:9.0.0"
  bin:
    uuid: dist/bin/uuid
  checksum: 8dd2c83c43ddc7e1c71e36b60aea40030a6505139af6bee0f382ebcd1a56f6cd3028f7f06ffb07f8cf6ced320b76aea275284b224b002b289f89fe89c389b028
  languageName: node
  linkType: hard

"validator@npm:^13.7.0":
  version: 13.7.0
  resolution: "validator@npm:13.7.0"
  checksum: 2b83283de1222ca549a7ef57f46e8d49c6669213348db78b7045bce36a3b5843ff1e9f709ebf74574e06223461ee1f264f8cc9a26a0060a79a27de079d8286ef
  languageName: node
  linkType: hard

"wkx@npm:^0.5.0":
  version: 0.5.0
  resolution: "wkx@npm:0.5.0"
  dependencies:
    "@types/node": "*"
  checksum: 47b27387de81fbd077528c1c11be996bf5a6dbeb94858ea0e2fa6619c2af626aa2f127f6fee1b4b57057a7cbef8a810b39a67815f2eb54ed33b1790e29db86ee
  languageName: node
  linkType: hard

"yallist@npm:^2.1.2":
  version: 2.1.2
  resolution: "yallist@npm:2.1.2"
  checksum: 9ba99409209f485b6fcb970330908a6d41fa1c933f75e08250316cce19383179a6b70a7e0721b89672ebb6199cc377bf3e432f55100da6a7d6e11902b0a642cb
  languageName: node
  linkType: hard

"yallist@npm:^4.0.0":
  version: 4.0.0
  resolution: "yallist@npm:4.0.0"
  checksum: 343617202af32df2a15a3be36a5a8c0c8545208f3d3dfbc6bb7c3e3b7e8c6f8e7485432e4f3b88da3031a6e20afa7c711eded32ddfb122896ac5d914e75848d5
  languageName: node
  linkType: hard
